
Microsoft Visual Studio Solution File, Format Version 12.00
# Visual Studio Version 17
VisualStudioVersion = 17.9.34701.34
MinimumVisualStudioVersion = 10.0.40219.1
Project("{FAE04EC0-301F-11D3-BF4B-00C04F79EFBC}") = "NewApp", "NewApp\NewApp.csproj", "{7F504B69-2581-4A96-840B-BCE868133315}"
EndProject
Global
	GlobalSection(SolutionConfigurationPlatforms) = preSolution
		Debug|Any CPU = Debug|Any CPU
		Release|Any CPU = Release|Any CPU
	EndGlobalSection
	GlobalSection(ProjectConfigurationPlatforms) = postSolution
		{7F504B69-2581-4A96-840B-BCE868133315}.Debug|Any CPU.ActiveCfg = Debug|Any CPU
		{7F504B69-2581-4A96-840B-BCE868133315}.Debug|Any CPU.Build.0 = Debug|Any CPU
		{7F504B69-2581-4A96-840B-BCE868133315}.Release|Any CPU.ActiveCfg = Release|Any CPU
		{7F504B69-2581-4A96-840B-BCE868133315}.Release|Any CPU.Build.0 = Release|Any CPU
	EndGlobalSection
	GlobalSection(SolutionProperties) = preSolution
		HideSolutionNode = FALSE
	EndGlobalSection
	GlobalSection(ExtensibilityGlobals) = postSolution
		SolutionGuid = {BABF389D-C201-4206-AF0E-B6F805C0D9D6}
	EndGlobalSection
EndGlobal
